// !$*UTF8*$!
{
	archiveVersion = 1;
	classes = {
	};
	objectVersion = 51;
	objects = {

/* Begin PBXBuildFile section */
		072A1FDF25B1126D00A999C2 /* SectionSellectorCVCell.swift in Sources */ = {isa = PBXBuildFile; fileRef = 072A1FDD25B1126D00A999C2 /* SectionSellectorCVCell.swift */; };
		072A1FE025B1126D00A999C2 /* SectionSellectorCVCell.xib in Resources */ = {isa = PBXBuildFile; fileRef = 072A1FDE25B1126D00A999C2 /* SectionSellectorCVCell.xib */; };
		072A1FE525B11DB600A999C2 /* BeerSection.swift in Sources */ = {isa = PBXBuildFile; fileRef = 072A1FE425B11DB600A999C2 /* BeerSection.swift */; };
		072A1FEA25B12DCF00A999C2 /* PaddingLabel.swift in Sources */ = {isa = PBXBuildFile; fileRef = 072A1FE925B12DCF00A999C2 /* PaddingLabel.swift */; };
		073C4F7125AE5F6700DDAC5D /* AppDelegate.swift in Sources */ = {isa = PBXBuildFile; fileRef = 073C4F7025AE5F6700DDAC5D /* AppDelegate.swift */; };
		073C4F7325AE5F6700DDAC5D /* SceneDelegate.swift in Sources */ = {isa = PBXBuildFile; fileRef = 073C4F7225AE5F6700DDAC5D /* SceneDelegate.swift */; };
		073C4F7525AE5F6700DDAC5D /* MainViewController.swift in Sources */ = {isa = PBXBuildFile; fileRef = 073C4F7425AE5F6700DDAC5D /* MainViewController.swift */; };
		073C4F7825AE5F6700DDAC5D /* Main.storyboard in Resources */ = {isa = PBXBuildFile; fileRef = 073C4F7625AE5F6700DDAC5D /* Main.storyboard */; };
		073C4F7B25AE5F6700DDAC5D /* La_Cerveceri_a_de_Pepe.xcdatamodeld in Sources */ = {isa = PBXBuildFile; fileRef = 073C4F7925AE5F6700DDAC5D /* La_Cerveceri_a_de_Pepe.xcdatamodeld */; };
		073C4F7D25AE5F6B00DDAC5D /* Assets.xcassets in Resources */ = {isa = PBXBuildFile; fileRef = 073C4F7C25AE5F6B00DDAC5D /* Assets.xcassets */; };
		073C4F8025AE5F6B00DDAC5D /* LaunchScreen.storyboard in Resources */ = {isa = PBXBuildFile; fileRef = 073C4F7E25AE5F6B00DDAC5D /* LaunchScreen.storyboard */; };
		073C4F8A25AE641A00DDAC5D /* Beer.swift in Sources */ = {isa = PBXBuildFile; fileRef = 073C4F8925AE641A00DDAC5D /* Beer.swift */; };
		078C4C7E25B19A9D008D078C /* BeerCollectionViewCell.swift in Sources */ = {isa = PBXBuildFile; fileRef = 078C4C7C25B19A9D008D078C /* BeerCollectionViewCell.swift */; };
		078C4C7F25B19A9D008D078C /* BeerCollectionViewCell.xib in Resources */ = {isa = PBXBuildFile; fileRef = 078C4C7D25B19A9D008D078C /* BeerCollectionViewCell.xib */; };
		078C4C8425B1C6F9008D078C /* ProductViewController.swift in Sources */ = {isa = PBXBuildFile; fileRef = 078C4C8325B1C6F9008D078C /* ProductViewController.swift */; };
		078C4C8725B1D16C008D078C /* WebRequests.swift in Sources */ = {isa = PBXBuildFile; fileRef = 078C4C8625B1D16C008D078C /* WebRequests.swift */; };
		078C4C8E25B1EB88008D078C /* CSVParser.swift in Sources */ = {isa = PBXBuildFile; fileRef = 078C4C8D25B1EB88008D078C /* CSVParser.swift */; };
		07D8819725B217B200E5F9C3 /* CMFileManager.swift in Sources */ = {isa = PBXBuildFile; fileRef = 07D8819625B217B200E5F9C3 /* CMFileManager.swift */; };
		07D8819A25B2234300E5F9C3 /* NewBeerViewController.swift in Sources */ = {isa = PBXBuildFile; fileRef = 07D8819925B2234200E5F9C3 /* NewBeerViewController.swift */; };
		07D881A625B23F3600E5F9C3 /* ViewController.swift in Sources */ = {isa = PBXBuildFile; fileRef = 07D881A525B23F3600E5F9C3 /* ViewController.swift */; };
		07D881EE25B23FF500E5F9C3 /* VirtualObjectInteraction.swift in Sources */ = {isa = PBXBuildFile; fileRef = 07D881D725B23FF500E5F9C3 /* VirtualObjectInteraction.swift */; };
		07D881EF25B23FF500E5F9C3 /* Models.scnassets in Resources */ = {isa = PBXBuildFile; fileRef = 07D881D925B23FF500E5F9C3 /* Models.scnassets */; };
		07D881F025B23FF500E5F9C3 /* Assets.xcassets in Resources */ = {isa = PBXBuildFile; fileRef = 07D881DA25B23FF500E5F9C3 /* Assets.xcassets */; };
		07D881F125B23FF500E5F9C3 /* VirtualObjectSelection.swift in Sources */ = {isa = PBXBuildFile; fileRef = 07D881DC25B23FF500E5F9C3 /* VirtualObjectSelection.swift */; };
		07D881F225B23FF500E5F9C3 /* StatusViewController.swift in Sources */ = {isa = PBXBuildFile; fileRef = 07D881DD25B23FF500E5F9C3 /* StatusViewController.swift */; };
		07D881F325B23FF500E5F9C3 /* VirtualObjectLoader.swift in Sources */ = {isa = PBXBuildFile; fileRef = 07D881DF25B23FF500E5F9C3 /* VirtualObjectLoader.swift */; };
		07D881F425B23FF500E5F9C3 /* VirtualObject.swift in Sources */ = {isa = PBXBuildFile; fileRef = 07D881E025B23FF500E5F9C3 /* VirtualObject.swift */; };
		07D881F525B23FF500E5F9C3 /* ThresholdPanGesture.swift in Sources */ = {isa = PBXBuildFile; fileRef = 07D881E125B23FF500E5F9C3 /* ThresholdPanGesture.swift */; };
		07D881F625B23FF500E5F9C3 /* Utilities.swift in Sources */ = {isa = PBXBuildFile; fileRef = 07D881E325B23FF500E5F9C3 /* Utilities.swift */; };
		07D881F725B23FF500E5F9C3 /* ViewController+CoachingOverlay.swift in Sources */ = {isa = PBXBuildFile; fileRef = 07D881E425B23FF500E5F9C3 /* ViewController+CoachingOverlay.swift */; };
		07D881F825B23FF500E5F9C3 /* ViewController+Actions.swift in Sources */ = {isa = PBXBuildFile; fileRef = 07D881E525B23FF500E5F9C3 /* ViewController+Actions.swift */; };
		07D881F925B23FF500E5F9C3 /* ViewController+ARSCNViewDelegate.swift in Sources */ = {isa = PBXBuildFile; fileRef = 07D881E625B23FF500E5F9C3 /* ViewController+ARSCNViewDelegate.swift */; };
		07D881FA25B23FF500E5F9C3 /* VirtualObjectARView.swift in Sources */ = {isa = PBXBuildFile; fileRef = 07D881E725B23FF500E5F9C3 /* VirtualObjectARView.swift */; };
		07D881FB25B23FF500E5F9C3 /* FocusSquareSegment.swift in Sources */ = {isa = PBXBuildFile; fileRef = 07D881E925B23FF500E5F9C3 /* FocusSquareSegment.swift */; };
		07D881FC25B23FF500E5F9C3 /* FocusSquare.swift in Sources */ = {isa = PBXBuildFile; fileRef = 07D881EA25B23FF500E5F9C3 /* FocusSquare.swift */; };
		07D881FE25B23FF500E5F9C3 /* ViewController+ObjectSelection.swift in Sources */ = {isa = PBXBuildFile; fileRef = 07D881EC25B23FF500E5F9C3 /* ViewController+ObjectSelection.swift */; };
/* End PBXBuildFile section */

/* Begin PBXFileReference section */
		072A1FDD25B1126D00A999C2 /* SectionSellectorCVCell.swift */ = {isa = PBXFileReference; lastKnownFileType = sourcecode.swift; path = SectionSellectorCVCell.swift; sourceTree = "<group>"; };
		072A1FDE25B1126D00A999C2 /* SectionSellectorCVCell.xib */ = {isa = PBXFileReference; lastKnownFileType = file.xib; path = SectionSellectorCVCell.xib; sourceTree = "<group>"; };
		072A1FE425B11DB600A999C2 /* BeerSection.swift */ = {isa = PBXFileReference; lastKnownFileType = sourcecode.swift; path = BeerSection.swift; sourceTree = "<group>"; };
		072A1FE925B12DCF00A999C2 /* PaddingLabel.swift */ = {isa = PBXFileReference; lastKnownFileType = sourcecode.swift; path = PaddingLabel.swift; sourceTree = "<group>"; };
		073C4F6D25AE5F6700DDAC5D /* La Cervecería de Pepe.app */ = {isa = PBXFileReference; explicitFileType = wrapper.application; includeInIndex = 0; path = "La Cervecería de Pepe.app"; sourceTree = BUILT_PRODUCTS_DIR; };
		073C4F7025AE5F6700DDAC5D /* AppDelegate.swift */ = {isa = PBXFileReference; lastKnownFileType = sourcecode.swift; path = AppDelegate.swift; sourceTree = "<group>"; };
		073C4F7225AE5F6700DDAC5D /* SceneDelegate.swift */ = {isa = PBXFileReference; lastKnownFileType = sourcecode.swift; path = SceneDelegate.swift; sourceTree = "<group>"; };
		073C4F7425AE5F6700DDAC5D /* MainViewController.swift */ = {isa = PBXFileReference; lastKnownFileType = sourcecode.swift; path = MainViewController.swift; sourceTree = "<group>"; };
		073C4F7725AE5F6700DDAC5D /* Base */ = {isa = PBXFileReference; lastKnownFileType = file.storyboard; name = Base; path = Base.lproj/Main.storyboard; sourceTree = "<group>"; };
		073C4F7A25AE5F6700DDAC5D /* La_Cerveceri_a_de_Pepe.xcdatamodel */ = {isa = PBXFileReference; lastKnownFileType = wrapper.xcdatamodel; path = La_Cerveceri_a_de_Pepe.xcdatamodel; sourceTree = "<group>"; };
		073C4F7C25AE5F6B00DDAC5D /* Assets.xcassets */ = {isa = PBXFileReference; lastKnownFileType = folder.assetcatalog; path = Assets.xcassets; sourceTree = "<group>"; };
		073C4F7F25AE5F6B00DDAC5D /* Base */ = {isa = PBXFileReference; lastKnownFileType = file.storyboard; name = Base; path = Base.lproj/LaunchScreen.storyboard; sourceTree = "<group>"; };
		073C4F8125AE5F6B00DDAC5D /* Info.plist */ = {isa = PBXFileReference; lastKnownFileType = text.plist.xml; path = Info.plist; sourceTree = "<group>"; };
		073C4F8925AE641A00DDAC5D /* Beer.swift */ = {isa = PBXFileReference; lastKnownFileType = sourcecode.swift; path = Beer.swift; sourceTree = "<group>"; };
		078C4C7C25B19A9D008D078C /* BeerCollectionViewCell.swift */ = {isa = PBXFileReference; lastKnownFileType = sourcecode.swift; path = BeerCollectionViewCell.swift; sourceTree = "<group>"; };
		078C4C7D25B19A9D008D078C /* BeerCollectionViewCell.xib */ = {isa = PBXFileReference; lastKnownFileType = file.xib; path = BeerCollectionViewCell.xib; sourceTree = "<group>"; };
		078C4C8325B1C6F9008D078C /* ProductViewController.swift */ = {isa = PBXFileReference; lastKnownFileType = sourcecode.swift; path = ProductViewController.swift; sourceTree = "<group>"; };
		078C4C8625B1D16C008D078C /* WebRequests.swift */ = {isa = PBXFileReference; lastKnownFileType = sourcecode.swift; path = WebRequests.swift; sourceTree = "<group>"; };
		078C4C8D25B1EB88008D078C /* CSVParser.swift */ = {isa = PBXFileReference; lastKnownFileType = sourcecode.swift; path = CSVParser.swift; sourceTree = "<group>"; };
		07D8819625B217B200E5F9C3 /* CMFileManager.swift */ = {isa = PBXFileReference; lastKnownFileType = sourcecode.swift; path = CMFileManager.swift; sourceTree = "<group>"; };
		07D8819925B2234200E5F9C3 /* NewBeerViewController.swift */ = {isa = PBXFileReference; fileEncoding = 4; lastKnownFileType = sourcecode.swift; path = NewBeerViewController.swift; sourceTree = "<group>"; };
		07D881A525B23F3600E5F9C3 /* ViewController.swift */ = {isa = PBXFileReference; lastKnownFileType = sourcecode.swift; path = ViewController.swift; sourceTree = "<group>"; };
		07D881D725B23FF500E5F9C3 /* VirtualObjectInteraction.swift */ = {isa = PBXFileReference; fileEncoding = 4; lastKnownFileType = sourcecode.swift; path = VirtualObjectInteraction.swift; sourceTree = "<group>"; };
		07D881D925B23FF500E5F9C3 /* Models.scnassets */ = {isa = PBXFileReference; lastKnownFileType = wrapper.scnassets; path = Models.scnassets; sourceTree = "<group>"; };
		07D881DA25B23FF500E5F9C3 /* Assets.xcassets */ = {isa = PBXFileReference; lastKnownFileType = folder.assetcatalog; path = Assets.xcassets; sourceTree = "<group>"; };
		07D881DC25B23FF500E5F9C3 /* VirtualObjectSelection.swift */ = {isa = PBXFileReference; fileEncoding = 4; lastKnownFileType = sourcecode.swift; path = VirtualObjectSelection.swift; sourceTree = "<group>"; };
		07D881DD25B23FF500E5F9C3 /* StatusViewController.swift */ = {isa = PBXFileReference; fileEncoding = 4; lastKnownFileType = sourcecode.swift; path = StatusViewController.swift; sourceTree = "<group>"; };
		07D881DF25B23FF500E5F9C3 /* VirtualObjectLoader.swift */ = {isa = PBXFileReference; fileEncoding = 4; lastKnownFileType = sourcecode.swift; path = VirtualObjectLoader.swift; sourceTree = "<group>"; };
		07D881E025B23FF500E5F9C3 /* VirtualObject.swift */ = {isa = PBXFileReference; fileEncoding = 4; lastKnownFileType = sourcecode.swift; path = VirtualObject.swift; sourceTree = "<group>"; };
		07D881E125B23FF500E5F9C3 /* ThresholdPanGesture.swift */ = {isa = PBXFileReference; fileEncoding = 4; lastKnownFileType = sourcecode.swift; path = ThresholdPanGesture.swift; sourceTree = "<group>"; };
		07D881E325B23FF500E5F9C3 /* Utilities.swift */ = {isa = PBXFileReference; fileEncoding = 4; lastKnownFileType = sourcecode.swift; path = Utilities.swift; sourceTree = "<group>"; };
		07D881E425B23FF500E5F9C3 /* ViewController+CoachingOverlay.swift */ = {isa = PBXFileReference; fileEncoding = 4; lastKnownFileType = sourcecode.swift; path = "ViewController+CoachingOverlay.swift"; sourceTree = "<group>"; };
		07D881E525B23FF500E5F9C3 /* ViewController+Actions.swift */ = {isa = PBXFileReference; fileEncoding = 4; lastKnownFileType = sourcecode.swift; path = "ViewController+Actions.swift"; sourceTree = "<group>"; };
		07D881E625B23FF500E5F9C3 /* ViewController+ARSCNViewDelegate.swift */ = {isa = PBXFileReference; fileEncoding = 4; lastKnownFileType = sourcecode.swift; path = "ViewController+ARSCNViewDelegate.swift"; sourceTree = "<group>"; };
		07D881E725B23FF500E5F9C3 /* VirtualObjectARView.swift */ = {isa = PBXFileReference; fileEncoding = 4; lastKnownFileType = sourcecode.swift; path = VirtualObjectARView.swift; sourceTree = "<group>"; };
		07D881E925B23FF500E5F9C3 /* FocusSquareSegment.swift */ = {isa = PBXFileReference; fileEncoding = 4; lastKnownFileType = sourcecode.swift; path = FocusSquareSegment.swift; sourceTree = "<group>"; };
		07D881EA25B23FF500E5F9C3 /* FocusSquare.swift */ = {isa = PBXFileReference; fileEncoding = 4; lastKnownFileType = sourcecode.swift; path = FocusSquare.swift; sourceTree = "<group>"; };
		07D881EC25B23FF500E5F9C3 /* ViewController+ObjectSelection.swift */ = {isa = PBXFileReference; fileEncoding = 4; lastKnownFileType = sourcecode.swift; path = "ViewController+ObjectSelection.swift"; sourceTree = "<group>"; };
		E6A64431EE148AB13157E804 /* Pods-La Cervecería de Pepe.release.xcconfig */ = {isa = PBXFileReference; includeInIndex = 1; lastKnownFileType = text.xcconfig; name = "Pods-La Cervecería de Pepe.release.xcconfig"; path = "Target Support Files/Pods-La Cervecería de Pepe/Pods-La Cervecería de Pepe.release.xcconfig"; sourceTree = "<group>"; };
		F2CA08542FD750EE24F4123E /* Pods-La Cervecería de Pepe.debug.xcconfig */ = {isa = PBXFileReference; includeInIndex = 1; lastKnownFileType = text.xcconfig; name = "Pods-La Cervecería de Pepe.debug.xcconfig"; path = "Target Support Files/Pods-La Cervecería de Pepe/Pods-La Cervecería de Pepe.debug.xcconfig"; sourceTree = "<group>"; };
/* End PBXFileReference section */

/* Begin PBXFrameworksBuildPhase section */
		073C4F6A25AE5F6700DDAC5D /* Frameworks */ = {
			isa = PBXFrameworksBuildPhase;
			buildActionMask = 2147483647;
			files = (
			);
			runOnlyForDeploymentPostprocessing = 0;
		};
/* End PBXFrameworksBuildPhase section */

/* Begin PBXGroup section */
		072A1FDB25B1105B00A999C2 /* CollectionView Cells */ = {
			isa = PBXGroup;
			children = (
				078C4C7A25B19A58008D078C /* BeerCell */,
				072A1FE225B1127200A999C2 /* Section Sellector */,
			);
			path = "CollectionView Cells";
			sourceTree = "<group>";
		};
		072A1FE225B1127200A999C2 /* Section Sellector */ = {
			isa = PBXGroup;
			children = (
				072A1FDD25B1126D00A999C2 /* SectionSellectorCVCell.swift */,
				072A1FDE25B1126D00A999C2 /* SectionSellectorCVCell.xib */,
			);
			path = "Section Sellector";
			sourceTree = "<group>";
		};
		072A1FE725B1216000A999C2 /* Libraries */ = {
			isa = PBXGroup;
			children = (
				072A1FE925B12DCF00A999C2 /* PaddingLabel.swift */,
				078C4C8625B1D16C008D078C /* WebRequests.swift */,
				078C4C8D25B1EB88008D078C /* CSVParser.swift */,
				07D8819625B217B200E5F9C3 /* CMFileManager.swift */,
			);
			path = Libraries;
			sourceTree = "<group>";
		};
		073C4F6425AE5F6700DDAC5D = {
			isa = PBXGroup;
			children = (
				073C4F6F25AE5F6700DDAC5D /* La Cervecería de Pepe */,
				073C4F6E25AE5F6700DDAC5D /* Products */,
				E536182144DC1CA715820D30 /* Pods */,
				5E618C9BB36D162FE2995F8F /* Frameworks */,
			);
			sourceTree = "<group>";
		};
		073C4F6E25AE5F6700DDAC5D /* Products */ = {
			isa = PBXGroup;
			children = (
				073C4F6D25AE5F6700DDAC5D /* La Cervecería de Pepe.app */,
			);
			name = Products;
			sourceTree = "<group>";
		};
		073C4F6F25AE5F6700DDAC5D /* La Cervecería de Pepe */ = {
			isa = PBXGroup;
			children = (
				07D881D525B23FF500E5F9C3 /* AR */,
				072A1FE725B1216000A999C2 /* Libraries */,
				072A1FDB25B1105B00A999C2 /* CollectionView Cells */,
				073C4F8825AE622D00DDAC5D /* Models */,
				073C4F7025AE5F6700DDAC5D /* AppDelegate.swift */,
				073C4F7225AE5F6700DDAC5D /* SceneDelegate.swift */,
				078C4C8125B1C6DD008D078C /* VCs */,
				073C4F7625AE5F6700DDAC5D /* Main.storyboard */,
				073C4F7C25AE5F6B00DDAC5D /* Assets.xcassets */,
				073C4F7E25AE5F6B00DDAC5D /* LaunchScreen.storyboard */,
				073C4F8125AE5F6B00DDAC5D /* Info.plist */,
				073C4F7925AE5F6700DDAC5D /* La_Cerveceri_a_de_Pepe.xcdatamodeld */,
			);
			path = "La Cervecería de Pepe";
			sourceTree = "<group>";
		};
		073C4F8825AE622D00DDAC5D /* Models */ = {
			isa = PBXGroup;
			children = (
				073C4F8925AE641A00DDAC5D /* Beer.swift */,
				072A1FE425B11DB600A999C2 /* BeerSection.swift */,
			);
			path = Models;
			sourceTree = "<group>";
		};
		078C4C7A25B19A58008D078C /* BeerCell */ = {
			isa = PBXGroup;
			children = (
				078C4C7C25B19A9D008D078C /* BeerCollectionViewCell.swift */,
				078C4C7D25B19A9D008D078C /* BeerCollectionViewCell.xib */,
			);
			path = BeerCell;
			sourceTree = "<group>";
		};
		078C4C8125B1C6DD008D078C /* VCs */ = {
			isa = PBXGroup;
			children = (
				073C4F7425AE5F6700DDAC5D /* MainViewController.swift */,
				078C4C8325B1C6F9008D078C /* ProductViewController.swift */,
				07D8819925B2234200E5F9C3 /* NewBeerViewController.swift */,
				07D881A525B23F3600E5F9C3 /* ViewController.swift */,
			);
			path = VCs;
			sourceTree = "<group>";
		};
		07D881D525B23FF500E5F9C3 /* AR */ = {
			isa = PBXGroup;
			children = (
				07D881D725B23FF500E5F9C3 /* VirtualObjectInteraction.swift */,
				07D881D825B23FF500E5F9C3 /* Resources */,
				07D881DB25B23FF500E5F9C3 /* Additional View Controllers */,
				07D881DE25B23FF500E5F9C3 /* Virtual Objects */,
				07D881E125B23FF500E5F9C3 /* ThresholdPanGesture.swift */,
				07D881E225B23FF500E5F9C3 /* Utilities */,
				07D881E425B23FF500E5F9C3 /* ViewController+CoachingOverlay.swift */,
				07D881E525B23FF500E5F9C3 /* ViewController+Actions.swift */,
				07D881E625B23FF500E5F9C3 /* ViewController+ARSCNViewDelegate.swift */,
				07D881E725B23FF500E5F9C3 /* VirtualObjectARView.swift */,
				07D881E825B23FF500E5F9C3 /* Focus Square */,
				07D881EC25B23FF500E5F9C3 /* ViewController+ObjectSelection.swift */,
			);
			path = AR;
			sourceTree = "<group>";
		};
		07D881D825B23FF500E5F9C3 /* Resources */ = {
			isa = PBXGroup;
			children = (
				07D881D925B23FF500E5F9C3 /* Models.scnassets */,
				07D881DA25B23FF500E5F9C3 /* Assets.xcassets */,
			);
			path = Resources;
			sourceTree = "<group>";
		};
		07D881DB25B23FF500E5F9C3 /* Additional View Controllers */ = {
			isa = PBXGroup;
			children = (
				07D881DC25B23FF500E5F9C3 /* VirtualObjectSelection.swift */,
				07D881DD25B23FF500E5F9C3 /* StatusViewController.swift */,
			);
			path = "Additional View Controllers";
			sourceTree = "<group>";
		};
		07D881DE25B23FF500E5F9C3 /* Virtual Objects */ = {
			isa = PBXGroup;
			children = (
				07D881DF25B23FF500E5F9C3 /* VirtualObjectLoader.swift */,
				07D881E025B23FF500E5F9C3 /* VirtualObject.swift */,
			);
			path = "Virtual Objects";
			sourceTree = "<group>";
		};
		07D881E225B23FF500E5F9C3 /* Utilities */ = {
			isa = PBXGroup;
			children = (
				07D881E325B23FF500E5F9C3 /* Utilities.swift */,
			);
			path = Utilities;
			sourceTree = "<group>";
		};
		07D881E825B23FF500E5F9C3 /* Focus Square */ = {
			isa = PBXGroup;
			children = (
				07D881E925B23FF500E5F9C3 /* FocusSquareSegment.swift */,
				07D881EA25B23FF500E5F9C3 /* FocusSquare.swift */,
			);
			path = "Focus Square";
			sourceTree = "<group>";
		};
		5E618C9BB36D162FE2995F8F /* Frameworks */ = {
			isa = PBXGroup;
			children = (
			);
			name = Frameworks;
			sourceTree = "<group>";
		};
		E536182144DC1CA715820D30 /* Pods */ = {
			isa = PBXGroup;
			children = (
				F2CA08542FD750EE24F4123E /* Pods-La Cervecería de Pepe.debug.xcconfig */,
				E6A64431EE148AB13157E804 /* Pods-La Cervecería de Pepe.release.xcconfig */,
			);
			path = Pods;
			sourceTree = "<group>";
		};
/* End PBXGroup section */

/* Begin PBXNativeTarget section */
		073C4F6C25AE5F6700DDAC5D /* La Cervecería de Pepe */ = {
			isa = PBXNativeTarget;
			buildConfigurationList = 073C4F8425AE5F6B00DDAC5D /* Build configuration list for PBXNativeTarget "La Cervecería de Pepe" */;
			buildPhases = (
				9850D9841BB33A195ABADF04 /* [CP] Check Pods Manifest.lock */,
				073C4F6925AE5F6700DDAC5D /* Sources */,
				073C4F6A25AE5F6700DDAC5D /* Frameworks */,
				073C4F6B25AE5F6700DDAC5D /* Resources */,
				7ECD980013879E95A3276CFD /* [CP] Embed Pods Frameworks */,
			);
			buildRules = (
			);
			dependencies = (
			);
			name = "La Cervecería de Pepe";
			productName = "La Cervecería de Pepe";
			productReference = 073C4F6D25AE5F6700DDAC5D /* La Cervecería de Pepe.app */;
			productType = "com.apple.product-type.application";
		};
/* End PBXNativeTarget section */

/* Begin PBXProject section */
		073C4F6525AE5F6700DDAC5D /* Project object */ = {
			isa = PBXProject;
			attributes = {
				LastSwiftUpdateCheck = 1200;
				LastUpgradeCheck = 1200;
				TargetAttributes = {
					073C4F6C25AE5F6700DDAC5D = {
						CreatedOnToolsVersion = 12.0.1;
					};
				};
			};
			buildConfigurationList = 073C4F6825AE5F6700DDAC5D /* Build configuration list for PBXProject "La Cervecería de Pepe" */;
			compatibilityVersion = "Xcode 9.3";
			developmentRegion = en;
			hasScannedForEncodings = 0;
			knownRegions = (
				en,
				Base,
			);
			mainGroup = 073C4F6425AE5F6700DDAC5D;
			productRefGroup = 073C4F6E25AE5F6700DDAC5D /* Products */;
			projectDirPath = "";
			projectRoot = "";
			targets = (
				073C4F6C25AE5F6700DDAC5D /* La Cervecería de Pepe */,
			);
		};
/* End PBXProject section */

/* Begin PBXResourcesBuildPhase section */
		073C4F6B25AE5F6700DDAC5D /* Resources */ = {
			isa = PBXResourcesBuildPhase;
			buildActionMask = 2147483647;
			files = (
				073C4F8025AE5F6B00DDAC5D /* LaunchScreen.storyboard in Resources */,
				078C4C7F25B19A9D008D078C /* BeerCollectionViewCell.xib in Resources */,
				073C4F7D25AE5F6B00DDAC5D /* Assets.xcassets in Resources */,
				07D881EF25B23FF500E5F9C3 /* Models.scnassets in Resources */,
				07D881F025B23FF500E5F9C3 /* Assets.xcassets in Resources */,
				072A1FE025B1126D00A999C2 /* SectionSellectorCVCell.xib in Resources */,
				073C4F7825AE5F6700DDAC5D /* Main.storyboard in Resources */,
			);
			runOnlyForDeploymentPostprocessing = 0;
		};
/* End PBXResourcesBuildPhase section */

/* Begin PBXShellScriptBuildPhase section */
		7ECD980013879E95A3276CFD /* [CP] Embed Pods Frameworks */ = {
			isa = PBXShellScriptBuildPhase;
			buildActionMask = 2147483647;
			files = (
			);
			inputFileListPaths = (
				"${PODS_ROOT}/Target Support Files/Pods-La Cervecería de Pepe/Pods-La Cervecería de Pepe-frameworks-${CONFIGURATION}-input-files.xcfilelist",
			);
			name = "[CP] Embed Pods Frameworks";
			outputFileListPaths = (
				"${PODS_ROOT}/Target Support Files/Pods-La Cervecería de Pepe/Pods-La Cervecería de Pepe-frameworks-${CONFIGURATION}-output-files.xcfilelist",
			);
			runOnlyForDeploymentPostprocessing = 0;
			shellPath = /bin/sh;
			shellScript = "\"${PODS_ROOT}/Target Support Files/Pods-La Cervecería de Pepe/Pods-La Cervecería de Pepe-frameworks.sh\"\n";
			showEnvVarsInLog = 0;
		};
		9850D9841BB33A195ABADF04 /* [CP] Check Pods Manifest.lock */ = {
			isa = PBXShellScriptBuildPhase;
			buildActionMask = 2147483647;
			files = (
			);
			inputFileListPaths = (
			);
			inputPaths = (
				"${PODS_PODFILE_DIR_PATH}/Podfile.lock",
				"${PODS_ROOT}/Manifest.lock",
			);
			name = "[CP] Check Pods Manifest.lock";
			outputFileListPaths = (
			);
			outputPaths = (
				"$(DERIVED_FILE_DIR)/Pods-La Cervecería de Pepe-checkManifestLockResult.txt",
			);
			runOnlyForDeploymentPostprocessing = 0;
			shellPath = /bin/sh;
			shellScript = "diff \"${PODS_PODFILE_DIR_PATH}/Podfile.lock\" \"${PODS_ROOT}/Manifest.lock\" > /dev/null\nif [ $? != 0 ] ; then\n    # print error to STDERR\n    echo \"error: The sandbox is not in sync with the Podfile.lock. Run 'pod install' or update your CocoaPods installation.\" >&2\n    exit 1\nfi\n# This output is used by Xcode 'outputs' to avoid re-running this script phase.\necho \"SUCCESS\" > \"${SCRIPT_OUTPUT_FILE_0}\"\n";
			showEnvVarsInLog = 0;
		};
/* End PBXShellScriptBuildPhase section */

/* Begin PBXSourcesBuildPhase section */
		073C4F6925AE5F6700DDAC5D /* Sources */ = {
			isa = PBXSourcesBuildPhase;
			buildActionMask = 2147483647;
			files = (
				073C4F7B25AE5F6700DDAC5D /* La_Cerveceri_a_de_Pepe.xcdatamodeld in Sources */,
				07D881F225B23FF500E5F9C3 /* StatusViewController.swift in Sources */,
				07D881F125B23FF500E5F9C3 /* VirtualObjectSelection.swift in Sources */,
				07D8819A25B2234300E5F9C3 /* NewBeerViewController.swift in Sources */,
				072A1FE525B11DB600A999C2 /* BeerSection.swift in Sources */,
				07D881F425B23FF500E5F9C3 /* VirtualObject.swift in Sources */,
				07D881FC25B23FF500E5F9C3 /* FocusSquare.swift in Sources */,
				07D881F925B23FF500E5F9C3 /* ViewController+ARSCNViewDelegate.swift in Sources */,
				078C4C8725B1D16C008D078C /* WebRequests.swift in Sources */,
				07D881EE25B23FF500E5F9C3 /* VirtualObjectInteraction.swift in Sources */,
				078C4C7E25B19A9D008D078C /* BeerCollectionViewCell.swift in Sources */,
				073C4F7525AE5F6700DDAC5D /* MainViewController.swift in Sources */,
				073C4F8A25AE641A00DDAC5D /* Beer.swift in Sources */,
				072A1FEA25B12DCF00A999C2 /* PaddingLabel.swift in Sources */,
				07D881F625B23FF500E5F9C3 /* Utilities.swift in Sources */,
				073C4F7125AE5F6700DDAC5D /* AppDelegate.swift in Sources */,
				07D881FA25B23FF500E5F9C3 /* VirtualObjectARView.swift in Sources */,
				07D881A625B23F3600E5F9C3 /* ViewController.swift in Sources */,
				07D881F725B23FF500E5F9C3 /* ViewController+CoachingOverlay.swift in Sources */,
				07D881FE25B23FF500E5F9C3 /* ViewController+ObjectSelection.swift in Sources */,
				07D8819725B217B200E5F9C3 /* CMFileManager.swift in Sources */,
				07D881FB25B23FF500E5F9C3 /* FocusSquareSegment.swift in Sources */,
				072A1FDF25B1126D00A999C2 /* SectionSellectorCVCell.swift in Sources */,
				078C4C8425B1C6F9008D078C /* ProductViewController.swift in Sources */,
				073C4F7325AE5F6700DDAC5D /* SceneDelegate.swift in Sources */,
				07D881F325B23FF500E5F9C3 /* VirtualObjectLoader.swift in Sources */,
				07D881F825B23FF500E5F9C3 /* ViewController+Actions.swift in Sources */,
				078C4C8E25B1EB88008D078C /* CSVParser.swift in Sources */,
				07D881F525B23FF500E5F9C3 /* ThresholdPanGesture.swift in Sources */,
			);
			runOnlyForDeploymentPostprocessing = 0;
		};
/* End PBXSourcesBuildPhase section */

/* Begin PBXVariantGroup section */
		073C4F7625AE5F6700DDAC5D /* Main.storyboard */ = {
			isa = PBXVariantGroup;
			children = (
				073C4F7725AE5F6700DDAC5D /* Base */,
			);
			name = Main.storyboard;
			sourceTree = "<group>";
		};
		073C4F7E25AE5F6B00DDAC5D /* LaunchScreen.storyboard */ = {
			isa = PBXVariantGroup;
			children = (
				073C4F7F25AE5F6B00DDAC5D /* Base */,
			);
			name = LaunchScreen.storyboard;
			sourceTree = "<group>";
		};
/* End PBXVariantGroup section */

/* Begin XCBuildConfiguration section */
		073C4F8225AE5F6B00DDAC5D /* Debug */ = {
			isa = XCBuildConfiguration;
			buildSettings = {
				ALWAYS_SEARCH_USER_PATHS = NO;
				CLANG_ANALYZER_NONNULL = YES;
				CLANG_ANALYZER_NUMBER_OBJECT_CONVERSION = YES_AGGRESSIVE;
				CLANG_CXX_LANGUAGE_STANDARD = "gnu++14";
				CLANG_CXX_LIBRARY = "libc++";
				CLANG_ENABLE_MODULES = YES;
				CLANG_ENABLE_OBJC_ARC = YES;
				CLANG_ENABLE_OBJC_WEAK = YES;
				CLANG_WARN_BLOCK_CAPTURE_AUTORELEASING = YES;
				CLANG_WARN_BOOL_CONVERSION = YES;
				CLANG_WARN_COMMA = YES;
				CLANG_WARN_CONSTANT_CONVERSION = YES;
				CLANG_WARN_DEPRECATED_OBJC_IMPLEMENTATIONS = YES;
				CLANG_WARN_DIRECT_OBJC_ISA_USAGE = YES_ERROR;
				CLANG_WARN_DOCUMENTATION_COMMENTS = YES;
				CLANG_WARN_EMPTY_BODY = YES;
				CLANG_WARN_ENUM_CONVERSION = YES;
				CLANG_WARN_INFINITE_RECURSION = YES;
				CLANG_WARN_INT_CONVERSION = YES;
				CLANG_WARN_NON_LITERAL_NULL_CONVERSION = YES;
				CLANG_WARN_OBJC_IMPLICIT_RETAIN_SELF = YES;
				CLANG_WARN_OBJC_LITERAL_CONVERSION = YES;
				CLANG_WARN_OBJC_ROOT_CLASS = YES_ERROR;
				CLANG_WARN_QUOTED_INCLUDE_IN_FRAMEWORK_HEADER = YES;
				CLANG_WARN_RANGE_LOOP_ANALYSIS = YES;
				CLANG_WARN_STRICT_PROTOTYPES = YES;
				CLANG_WARN_SUSPICIOUS_MOVE = YES;
				CLANG_WARN_UNGUARDED_AVAILABILITY = YES_AGGRESSIVE;
				CLANG_WARN_UNREACHABLE_CODE = YES;
				CLANG_WARN__DUPLICATE_METHOD_MATCH = YES;
				COPY_PHASE_STRIP = NO;
				DEBUG_INFORMATION_FORMAT = dwarf;
				ENABLE_STRICT_OBJC_MSGSEND = YES;
				ENABLE_TESTABILITY = YES;
				GCC_C_LANGUAGE_STANDARD = gnu11;
				GCC_DYNAMIC_NO_PIC = NO;
				GCC_NO_COMMON_BLOCKS = YES;
				GCC_OPTIMIZATION_LEVEL = 0;
				GCC_PREPROCESSOR_DEFINITIONS = (
					"DEBUG=1",
					"$(inherited)",
				);
				GCC_WARN_64_TO_32_BIT_CONVERSION = YES;
				GCC_WARN_ABOUT_RETURN_TYPE = YES_ERROR;
				GCC_WARN_UNDECLARED_SELECTOR = YES;
				GCC_WARN_UNINITIALIZED_AUTOS = YES_AGGRESSIVE;
				GCC_WARN_UNUSED_FUNCTION = YES;
				GCC_WARN_UNUSED_VARIABLE = YES;
				IPHONEOS_DEPLOYMENT_TARGET = 14.0;
				MTL_ENABLE_DEBUG_INFO = INCLUDE_SOURCE;
				MTL_FAST_MATH = YES;
				ONLY_ACTIVE_ARCH = YES;
				SDKROOT = iphoneos;
				SWIFT_ACTIVE_COMPILATION_CONDITIONS = DEBUG;
				SWIFT_OPTIMIZATION_LEVEL = "-Onone";
			};
			name = Debug;
		};
		073C4F8325AE5F6B00DDAC5D /* Release */ = {
			isa = XCBuildConfiguration;
			buildSettings = {
				ALWAYS_SEARCH_USER_PATHS = NO;
				CLANG_ANALYZER_NONNULL = YES;
				CLANG_ANALYZER_NUMBER_OBJECT_CONVERSION = YES_AGGRESSIVE;
				CLANG_CXX_LANGUAGE_STANDARD = "gnu++14";
				CLANG_CXX_LIBRARY = "libc++";
				CLANG_ENABLE_MODULES = YES;
				CLANG_ENABLE_OBJC_ARC = YES;
				CLANG_ENABLE_OBJC_WEAK = YES;
				CLANG_WARN_BLOCK_CAPTURE_AUTORELEASING = YES;
				CLANG_WARN_BOOL_CONVERSION = YES;
				CLANG_WARN_COMMA = YES;
				CLANG_WARN_CONSTANT_CONVERSION = YES;
				CLANG_WARN_DEPRECATED_OBJC_IMPLEMENTATIONS = YES;
				CLANG_WARN_DIRECT_OBJC_ISA_USAGE = YES_ERROR;
				CLANG_WARN_DOCUMENTATION_COMMENTS = YES;
				CLANG_WARN_EMPTY_BODY = YES;
				CLANG_WARN_ENUM_CONVERSION = YES;
				CLANG_WARN_INFINITE_RECURSION = YES;
				CLANG_WARN_INT_CONVERSION = YES;
				CLANG_WARN_NON_LITERAL_NULL_CONVERSION = YES;
				CLANG_WARN_OBJC_IMPLICIT_RETAIN_SELF = YES;
				CLANG_WARN_OBJC_LITERAL_CONVERSION = YES;
				CLANG_WARN_OBJC_ROOT_CLASS = YES_ERROR;
				CLANG_WARN_QUOTED_INCLUDE_IN_FRAMEWORK_HEADER = YES;
				CLANG_WARN_RANGE_LOOP_ANALYSIS = YES;
				CLANG_WARN_STRICT_PROTOTYPES = YES;
				CLANG_WARN_SUSPICIOUS_MOVE = YES;
				CLANG_WARN_UNGUARDED_AVAILABILITY = YES_AGGRESSIVE;
				CLANG_WARN_UNREACHABLE_CODE = YES;
				CLANG_WARN__DUPLICATE_METHOD_MATCH = YES;
				COPY_PHASE_STRIP = NO;
				DEBUG_INFORMATION_FORMAT = "dwarf-with-dsym";
				ENABLE_NS_ASSERTIONS = NO;
				ENABLE_STRICT_OBJC_MSGSEND = YES;
				GCC_C_LANGUAGE_STANDARD = gnu11;
				GCC_NO_COMMON_BLOCKS = YES;
				GCC_WARN_64_TO_32_BIT_CONVERSION = YES;
				GCC_WARN_ABOUT_RETURN_TYPE = YES_ERROR;
				GCC_WARN_UNDECLARED_SELECTOR = YES;
				GCC_WARN_UNINITIALIZED_AUTOS = YES_AGGRESSIVE;
				GCC_WARN_UNUSED_FUNCTION = YES;
				GCC_WARN_UNUSED_VARIABLE = YES;
				IPHONEOS_DEPLOYMENT_TARGET = 14.0;
				MTL_ENABLE_DEBUG_INFO = NO;
				MTL_FAST_MATH = YES;
				SDKROOT = iphoneos;
				SWIFT_COMPILATION_MODE = wholemodule;
				SWIFT_OPTIMIZATION_LEVEL = "-O";
				VALIDATE_PRODUCT = YES;
			};
			name = Release;
		};
		073C4F8525AE5F6B00DDAC5D /* Debug */ = {
			isa = XCBuildConfiguration;
			baseConfigurationReference = F2CA08542FD750EE24F4123E /* Pods-La Cervecería de Pepe.debug.xcconfig */;
			buildSettings = {
				ASSETCATALOG_COMPILER_APPICON_NAME = AppIcon;
				ASSETCATALOG_COMPILER_GLOBAL_ACCENT_COLOR_NAME = AccentColor;
				CODE_SIGN_STYLE = Automatic;
				DEVELOPMENT_TEAM = HXD3AV23PM;
				INFOPLIST_FILE = "La Cervecería de Pepe/Info.plist";
				IPHONEOS_DEPLOYMENT_TARGET = 13.0;
				LD_RUNPATH_SEARCH_PATHS = (
					"$(inherited)",
					"@executable_path/Frameworks",
				);
				PRODUCT_BUNDLE_IDENTIFIER = "es.carlosmdarribas.La-Cerveceri-a-de-Pepe";
				PRODUCT_NAME = "$(TARGET_NAME)";
				SWIFT_VERSION = 5.0;
				TARGETED_DEVICE_FAMILY = "1,2";
			};
			name = Debug;
		};
		073C4F8625AE5F6B00DDAC5D /* Release */ = {
			isa = XCBuildConfiguration;
			baseConfigurationReference = E6A64431EE148AB13157E804 /* Pods-La Cervecería de Pepe.release.xcconfig */;
			buildSettings = {
				ASSETCATALOG_COMPILER_APPICON_NAME = AppIcon;
				ASSETCATALOG_COMPILER_GLOBAL_ACCENT_COLOR_NAME = AccentColor;
				CODE_SIGN_STYLE = Automatic;
				DEVELOPMENT_TEAM = HXD3AV23PM;
				INFOPLIST_FILE = "La Cervecería de Pepe/Info.plist";
				IPHONEOS_DEPLOYMENT_TARGET = 13.0;
				LD_RUNPATH_SEARCH_PATHS = (
					"$(inherited)",
					"@executable_path/Frameworks",
				);
				PRODUCT_BUNDLE_IDENTIFIER = "es.carlosmdarribas.La-Cerveceri-a-de-Pepe";
				PRODUCT_NAME = "$(TARGET_NAME)";
				SWIFT_VERSION = 5.0;
				TARGETED_DEVICE_FAMILY = "1,2";
			};
			name = Release;
		};
/* End XCBuildConfiguration section */

/* Begin XCConfigurationList section */
		073C4F6825AE5F6700DDAC5D /* Build configuration list for PBXProject "La Cervecería de Pepe" */ = {
			isa = XCConfigurationList;
			buildConfigurations = (
				073C4F8225AE5F6B00DDAC5D /* Debug */,
				073C4F8325AE5F6B00DDAC5D /* Release */,
			);
			defaultConfigurationIsVisible = 0;
			defaultConfigurationName = Release;
		};
		073C4F8425AE5F6B00DDAC5D /* Build configuration list for PBXNativeTarget "La Cervecería de Pepe" */ = {
			isa = XCConfigurationList;
			buildConfigurations = (
				073C4F8525AE5F6B00DDAC5D /* Debug */,
				073C4F8625AE5F6B00DDAC5D /* Release */,
			);
			defaultConfigurationIsVisible = 0;
			defaultConfigurationName = Release;
		};
/* End XCConfigurationList section */

/* Begin XCVersionGroup section */
		073C4F7925AE5F6700DDAC5D /* La_Cerveceri_a_de_Pepe.xcdatamodeld */ = {
			isa = XCVersionGroup;
			children = (
				073C4F7A25AE5F6700DDAC5D /* La_Cerveceri_a_de_Pepe.xcdatamodel */,
			);
			currentVersion = 073C4F7A25AE5F6700DDAC5D /* La_Cerveceri_a_de_Pepe.xcdatamodel */;
			path = La_Cerveceri_a_de_Pepe.xcdatamodeld;
			sourceTree = "<group>";
			versionGroupType = wrapper.xcdatamodel;
		};
/* End XCVersionGroup section */
	};
	rootObject = 073C4F6525AE5F6700DDAC5D /* Project object */;
}
