// !$*UTF8*$!
{
	archiveVersion = 1;
	classes = {
	};
	objectVersion = 50;
	objects = {

/* Begin PBXBuildFile section */
		072A1FDF25B1126D00A999C2 /* SectionSellectorCVCell.swift in Sources */ = {isa = PBXBuildFile; fileRef = 072A1FDD25B1126D00A999C2 /* SectionSellectorCVCell.swift */; };
		072A1FE025B1126D00A999C2 /* SectionSellectorCVCell.xib in Resources */ = {isa = PBXBuildFile; fileRef = 072A1FDE25B1126D00A999C2 /* SectionSellectorCVCell.xib */; };
		072A1FE525B11DB600A999C2 /* BeerSection.swift in Sources */ = {isa = PBXBuildFile; fileRef = 072A1FE425B11DB600A999C2 /* BeerSection.swift */; };
		072A1FEA25B12DCF00A999C2 /* PaddingLabel.swift in Sources */ = {isa = PBXBuildFile; fileRef = 072A1FE925B12DCF00A999C2 /* PaddingLabel.swift */; };
		073C4F7125AE5F6700DDAC5D /* AppDelegate.swift in Sources */ = {isa = PBXBuildFile; fileRef = 073C4F7025AE5F6700DDAC5D /* AppDelegate.swift */; };
		073C4F7325AE5F6700DDAC5D /* SceneDelegate.swift in Sources */ = {isa = PBXBuildFile; fileRef = 073C4F7225AE5F6700DDAC5D /* SceneDelegate.swift */; };
		073C4F7525AE5F6700DDAC5D /* ViewController.swift in Sources */ = {isa = PBXBuildFile; fileRef = 073C4F7425AE5F6700DDAC5D /* ViewController.swift */; };
		073C4F7825AE5F6700DDAC5D /* Main.storyboard in Resources */ = {isa = PBXBuildFile; fileRef = 073C4F7625AE5F6700DDAC5D /* Main.storyboard */; };
		073C4F7B25AE5F6700DDAC5D /* La_Cerveceri_a_de_Pepe.xcdatamodeld in Sources */ = {isa = PBXBuildFile; fileRef = 073C4F7925AE5F6700DDAC5D /* La_Cerveceri_a_de_Pepe.xcdatamodeld */; };
		073C4F7D25AE5F6B00DDAC5D /* Assets.xcassets in Resources */ = {isa = PBXBuildFile; fileRef = 073C4F7C25AE5F6B00DDAC5D /* Assets.xcassets */; };
		073C4F8025AE5F6B00DDAC5D /* LaunchScreen.storyboard in Resources */ = {isa = PBXBuildFile; fileRef = 073C4F7E25AE5F6B00DDAC5D /* LaunchScreen.storyboard */; };
		073C4F8A25AE641A00DDAC5D /* Beer.swift in Sources */ = {isa = PBXBuildFile; fileRef = 073C4F8925AE641A00DDAC5D /* Beer.swift */; };
		078C4C7E25B19A9D008D078C /* BeerCollectionViewCell.swift in Sources */ = {isa = PBXBuildFile; fileRef = 078C4C7C25B19A9D008D078C /* BeerCollectionViewCell.swift */; };
		078C4C7F25B19A9D008D078C /* BeerCollectionViewCell.xib in Resources */ = {isa = PBXBuildFile; fileRef = 078C4C7D25B19A9D008D078C /* BeerCollectionViewCell.xib */; };
		078C4C8425B1C6F9008D078C /* ProductViewController.swift in Sources */ = {isa = PBXBuildFile; fileRef = 078C4C8325B1C6F9008D078C /* ProductViewController.swift */; };
		078C4C8725B1D16C008D078C /* WebRequests.swift in Sources */ = {isa = PBXBuildFile; fileRef = 078C4C8625B1D16C008D078C /* WebRequests.swift */; };
/* End PBXBuildFile section */

/* Begin PBXFileReference section */
		072A1FDD25B1126D00A999C2 /* SectionSellectorCVCell.swift */ = {isa = PBXFileReference; lastKnownFileType = sourcecode.swift; path = SectionSellectorCVCell.swift; sourceTree = "<group>"; };
		072A1FDE25B1126D00A999C2 /* SectionSellectorCVCell.xib */ = {isa = PBXFileReference; lastKnownFileType = file.xib; path = SectionSellectorCVCell.xib; sourceTree = "<group>"; };
		072A1FE425B11DB600A999C2 /* BeerSection.swift */ = {isa = PBXFileReference; lastKnownFileType = sourcecode.swift; path = BeerSection.swift; sourceTree = "<group>"; };
		072A1FE925B12DCF00A999C2 /* PaddingLabel.swift */ = {isa = PBXFileReference; lastKnownFileType = sourcecode.swift; path = PaddingLabel.swift; sourceTree = "<group>"; };
		073C4F6D25AE5F6700DDAC5D /* La Cervecería de Pepe.app */ = {isa = PBXFileReference; explicitFileType = wrapper.application; includeInIndex = 0; path = "La Cervecería de Pepe.app"; sourceTree = BUILT_PRODUCTS_DIR; };
		073C4F7025AE5F6700DDAC5D /* AppDelegate.swift */ = {isa = PBXFileReference; lastKnownFileType = sourcecode.swift; path = AppDelegate.swift; sourceTree = "<group>"; };
		073C4F7225AE5F6700DDAC5D /* SceneDelegate.swift */ = {isa = PBXFileReference; lastKnownFileType = sourcecode.swift; path = SceneDelegate.swift; sourceTree = "<group>"; };
		073C4F7425AE5F6700DDAC5D /* ViewController.swift */ = {isa = PBXFileReference; lastKnownFileType = sourcecode.swift; path = ViewController.swift; sourceTree = "<group>"; };
		073C4F7725AE5F6700DDAC5D /* Base */ = {isa = PBXFileReference; lastKnownFileType = file.storyboard; name = Base; path = Base.lproj/Main.storyboard; sourceTree = "<group>"; };
		073C4F7A25AE5F6700DDAC5D /* La_Cerveceri_a_de_Pepe.xcdatamodel */ = {isa = PBXFileReference; lastKnownFileType = wrapper.xcdatamodel; path = La_Cerveceri_a_de_Pepe.xcdatamodel; sourceTree = "<group>"; };
		073C4F7C25AE5F6B00DDAC5D /* Assets.xcassets */ = {isa = PBXFileReference; lastKnownFileType = folder.assetcatalog; path = Assets.xcassets; sourceTree = "<group>"; };
		073C4F7F25AE5F6B00DDAC5D /* Base */ = {isa = PBXFileReference; lastKnownFileType = file.storyboard; name = Base; path = Base.lproj/LaunchScreen.storyboard; sourceTree = "<group>"; };
		073C4F8125AE5F6B00DDAC5D /* Info.plist */ = {isa = PBXFileReference; lastKnownFileType = text.plist.xml; path = Info.plist; sourceTree = "<group>"; };
		073C4F8925AE641A00DDAC5D /* Beer.swift */ = {isa = PBXFileReference; lastKnownFileType = sourcecode.swift; path = Beer.swift; sourceTree = "<group>"; };
		078C4C7C25B19A9D008D078C /* BeerCollectionViewCell.swift */ = {isa = PBXFileReference; lastKnownFileType = sourcecode.swift; path = BeerCollectionViewCell.swift; sourceTree = "<group>"; };
		078C4C7D25B19A9D008D078C /* BeerCollectionViewCell.xib */ = {isa = PBXFileReference; lastKnownFileType = file.xib; path = BeerCollectionViewCell.xib; sourceTree = "<group>"; };
		078C4C8325B1C6F9008D078C /* ProductViewController.swift */ = {isa = PBXFileReference; lastKnownFileType = sourcecode.swift; path = ProductViewController.swift; sourceTree = "<group>"; };
		078C4C8625B1D16C008D078C /* WebRequests.swift */ = {isa = PBXFileReference; lastKnownFileType = sourcecode.swift; path = WebRequests.swift; sourceTree = "<group>"; };
/* End PBXFileReference section */

/* Begin PBXFrameworksBuildPhase section */
		073C4F6A25AE5F6700DDAC5D /* Frameworks */ = {
			isa = PBXFrameworksBuildPhase;
			buildActionMask = 2147483647;
			files = (
			);
			runOnlyForDeploymentPostprocessing = 0;
		};
/* End PBXFrameworksBuildPhase section */

/* Begin PBXGroup section */
		072A1FDB25B1105B00A999C2 /* CollectionView Cells */ = {
			isa = PBXGroup;
			children = (
				078C4C7A25B19A58008D078C /* BeerCell */,
				072A1FE225B1127200A999C2 /* Section Sellector */,
			);
			path = "CollectionView Cells";
			sourceTree = "<group>";
		};
		072A1FE225B1127200A999C2 /* Section Sellector */ = {
			isa = PBXGroup;
			children = (
				072A1FDD25B1126D00A999C2 /* SectionSellectorCVCell.swift */,
				072A1FDE25B1126D00A999C2 /* SectionSellectorCVCell.xib */,
			);
			path = "Section Sellector";
			sourceTree = "<group>";
		};
		072A1FE725B1216000A999C2 /* Libraries */ = {
			isa = PBXGroup;
			children = (
				072A1FE925B12DCF00A999C2 /* PaddingLabel.swift */,
				078C4C8625B1D16C008D078C /* WebRequests.swift */,
			);
			path = Libraries;
			sourceTree = "<group>";
		};
		073C4F6425AE5F6700DDAC5D = {
			isa = PBXGroup;
			children = (
				073C4F6F25AE5F6700DDAC5D /* La Cervecería de Pepe */,
				073C4F6E25AE5F6700DDAC5D /* Products */,
			);
			sourceTree = "<group>";
		};
		073C4F6E25AE5F6700DDAC5D /* Products */ = {
			isa = PBXGroup;
			children = (
				073C4F6D25AE5F6700DDAC5D /* La Cervecería de Pepe.app */,
			);
			name = Products;
			sourceTree = "<group>";
		};
		073C4F6F25AE5F6700DDAC5D /* La Cervecería de Pepe */ = {
			isa = PBXGroup;
			children = (
				072A1FE725B1216000A999C2 /* Libraries */,
				072A1FDB25B1105B00A999C2 /* CollectionView Cells */,
				073C4F8825AE622D00DDAC5D /* Models */,
				073C4F7025AE5F6700DDAC5D /* AppDelegate.swift */,
				073C4F7225AE5F6700DDAC5D /* SceneDelegate.swift */,
				078C4C8125B1C6DD008D078C /* VCs */,
				073C4F7625AE5F6700DDAC5D /* Main.storyboard */,
				073C4F7C25AE5F6B00DDAC5D /* Assets.xcassets */,
				073C4F7E25AE5F6B00DDAC5D /* LaunchScreen.storyboard */,
				073C4F8125AE5F6B00DDAC5D /* Info.plist */,
				073C4F7925AE5F6700DDAC5D /* La_Cerveceri_a_de_Pepe.xcdatamodeld */,
			);
			path = "La Cervecería de Pepe";
			sourceTree = "<group>";
		};
		073C4F8825AE622D00DDAC5D /* Models */ = {
			isa = PBXGroup;
			children = (
				073C4F8925AE641A00DDAC5D /* Beer.swift */,
				072A1FE425B11DB600A999C2 /* BeerSection.swift */,
			);
			path = Models;
			sourceTree = "<group>";
		};
		078C4C7A25B19A58008D078C /* BeerCell */ = {
			isa = PBXGroup;
			children = (
				078C4C7C25B19A9D008D078C /* BeerCollectionViewCell.swift */,
				078C4C7D25B19A9D008D078C /* BeerCollectionViewCell.xib */,
			);
			path = BeerCell;
			sourceTree = "<group>";
		};
		078C4C8125B1C6DD008D078C /* VCs */ = {
			isa = PBXGroup;
			children = (
				073C4F7425AE5F6700DDAC5D /* ViewController.swift */,
				078C4C8325B1C6F9008D078C /* ProductViewController.swift */,
			);
			path = VCs;
			sourceTree = "<group>";
		};
/* End PBXGroup section */

/* Begin PBXNativeTarget section */
		073C4F6C25AE5F6700DDAC5D /* La Cervecería de Pepe */ = {
			isa = PBXNativeTarget;
			buildConfigurationList = 073C4F8425AE5F6B00DDAC5D /* Build configuration list for PBXNativeTarget "La Cervecería de Pepe" */;
			buildPhases = (
				073C4F6925AE5F6700DDAC5D /* Sources */,
				073C4F6A25AE5F6700DDAC5D /* Frameworks */,
				073C4F6B25AE5F6700DDAC5D /* Resources */,
			);
			buildRules = (
			);
			dependencies = (
			);
			name = "La Cervecería de Pepe";
			productName = "La Cervecería de Pepe";
			productReference = 073C4F6D25AE5F6700DDAC5D /* La Cervecería de Pepe.app */;
			productType = "com.apple.product-type.application";
		};
/* End PBXNativeTarget section */

/* Begin PBXProject section */
		073C4F6525AE5F6700DDAC5D /* Project object */ = {
			isa = PBXProject;
			attributes = {
				LastSwiftUpdateCheck = 1200;
				LastUpgradeCheck = 1200;
				TargetAttributes = {
					073C4F6C25AE5F6700DDAC5D = {
						CreatedOnToolsVersion = 12.0.1;
					};
				};
			};
			buildConfigurationList = 073C4F6825AE5F6700DDAC5D /* Build configuration list for PBXProject "La Cervecería de Pepe" */;
			compatibilityVersion = "Xcode 9.3";
			developmentRegion = en;
			hasScannedForEncodings = 0;
			knownRegions = (
				en,
				Base,
			);
			mainGroup = 073C4F6425AE5F6700DDAC5D;
			productRefGroup = 073C4F6E25AE5F6700DDAC5D /* Products */;
			projectDirPath = "";
			projectRoot = "";
			targets = (
				073C4F6C25AE5F6700DDAC5D /* La Cervecería de Pepe */,
			);
		};
/* End PBXProject section */

/* Begin PBXResourcesBuildPhase section */
		073C4F6B25AE5F6700DDAC5D /* Resources */ = {
			isa = PBXResourcesBuildPhase;
			buildActionMask = 2147483647;
			files = (
				073C4F8025AE5F6B00DDAC5D /* LaunchScreen.storyboard in Resources */,
				078C4C7F25B19A9D008D078C /* BeerCollectionViewCell.xib in Resources */,
				073C4F7D25AE5F6B00DDAC5D /* Assets.xcassets in Resources */,
				072A1FE025B1126D00A999C2 /* SectionSellectorCVCell.xib in Resources */,
				073C4F7825AE5F6700DDAC5D /* Main.storyboard in Resources */,
			);
			runOnlyForDeploymentPostprocessing = 0;
		};
/* End PBXResourcesBuildPhase section */

/* Begin PBXSourcesBuildPhase section */
		073C4F6925AE5F6700DDAC5D /* Sources */ = {
			isa = PBXSourcesBuildPhase;
			buildActionMask = 2147483647;
			files = (
				073C4F7B25AE5F6700DDAC5D /* La_Cerveceri_a_de_Pepe.xcdatamodeld in Sources */,
				072A1FE525B11DB600A999C2 /* BeerSection.swift in Sources */,
				078C4C8725B1D16C008D078C /* WebRequests.swift in Sources */,
				078C4C7E25B19A9D008D078C /* BeerCollectionViewCell.swift in Sources */,
				073C4F7525AE5F6700DDAC5D /* ViewController.swift in Sources */,
				073C4F8A25AE641A00DDAC5D /* Beer.swift in Sources */,
				072A1FEA25B12DCF00A999C2 /* PaddingLabel.swift in Sources */,
				073C4F7125AE5F6700DDAC5D /* AppDelegate.swift in Sources */,
				072A1FDF25B1126D00A999C2 /* SectionSellectorCVCell.swift in Sources */,
				078C4C8425B1C6F9008D078C /* ProductViewController.swift in Sources */,
				073C4F7325AE5F6700DDAC5D /* SceneDelegate.swift in Sources */,
			);
			runOnlyForDeploymentPostprocessing = 0;
		};
/* End PBXSourcesBuildPhase section */

/* Begin PBXVariantGroup section */
		073C4F7625AE5F6700DDAC5D /* Main.storyboard */ = {
			isa = PBXVariantGroup;
			children = (
				073C4F7725AE5F6700DDAC5D /* Base */,
			);
			name = Main.storyboard;
			sourceTree = "<group>";
		};
		073C4F7E25AE5F6B00DDAC5D /* LaunchScreen.storyboard */ = {
			isa = PBXVariantGroup;
			children = (
				073C4F7F25AE5F6B00DDAC5D /* Base */,
			);
			name = LaunchScreen.storyboard;
			sourceTree = "<group>";
		};
/* End PBXVariantGroup section */

/* Begin XCBuildConfiguration section */
		073C4F8225AE5F6B00DDAC5D /* Debug */ = {
			isa = XCBuildConfiguration;
			buildSettings = {
				ALWAYS_SEARCH_USER_PATHS = NO;
				CLANG_ANALYZER_NONNULL = YES;
				CLANG_ANALYZER_NUMBER_OBJECT_CONVERSION = YES_AGGRESSIVE;
				CLANG_CXX_LANGUAGE_STANDARD = "gnu++14";
				CLANG_CXX_LIBRARY = "libc++";
				CLANG_ENABLE_MODULES = YES;
				CLANG_ENABLE_OBJC_ARC = YES;
				CLANG_ENABLE_OBJC_WEAK = YES;
				CLANG_WARN_BLOCK_CAPTURE_AUTORELEASING = YES;
				CLANG_WARN_BOOL_CONVERSION = YES;
				CLANG_WARN_COMMA = YES;
				CLANG_WARN_CONSTANT_CONVERSION = YES;
				CLANG_WARN_DEPRECATED_OBJC_IMPLEMENTATIONS = YES;
				CLANG_WARN_DIRECT_OBJC_ISA_USAGE = YES_ERROR;
				CLANG_WARN_DOCUMENTATION_COMMENTS = YES;
				CLANG_WARN_EMPTY_BODY = YES;
				CLANG_WARN_ENUM_CONVERSION = YES;
				CLANG_WARN_INFINITE_RECURSION = YES;
				CLANG_WARN_INT_CONVERSION = YES;
				CLANG_WARN_NON_LITERAL_NULL_CONVERSION = YES;
				CLANG_WARN_OBJC_IMPLICIT_RETAIN_SELF = YES;
				CLANG_WARN_OBJC_LITERAL_CONVERSION = YES;
				CLANG_WARN_OBJC_ROOT_CLASS = YES_ERROR;
				CLANG_WARN_QUOTED_INCLUDE_IN_FRAMEWORK_HEADER = YES;
				CLANG_WARN_RANGE_LOOP_ANALYSIS = YES;
				CLANG_WARN_STRICT_PROTOTYPES = YES;
				CLANG_WARN_SUSPICIOUS_MOVE = YES;
				CLANG_WARN_UNGUARDED_AVAILABILITY = YES_AGGRESSIVE;
				CLANG_WARN_UNREACHABLE_CODE = YES;
				CLANG_WARN__DUPLICATE_METHOD_MATCH = YES;
				COPY_PHASE_STRIP = NO;
				DEBUG_INFORMATION_FORMAT = dwarf;
				ENABLE_STRICT_OBJC_MSGSEND = YES;
				ENABLE_TESTABILITY = YES;
				GCC_C_LANGUAGE_STANDARD = gnu11;
				GCC_DYNAMIC_NO_PIC = NO;
				GCC_NO_COMMON_BLOCKS = YES;
				GCC_OPTIMIZATION_LEVEL = 0;
				GCC_PREPROCESSOR_DEFINITIONS = (
					"DEBUG=1",
					"$(inherited)",
				);
				GCC_WARN_64_TO_32_BIT_CONVERSION = YES;
				GCC_WARN_ABOUT_RETURN_TYPE = YES_ERROR;
				GCC_WARN_UNDECLARED_SELECTOR = YES;
				GCC_WARN_UNINITIALIZED_AUTOS = YES_AGGRESSIVE;
				GCC_WARN_UNUSED_FUNCTION = YES;
				GCC_WARN_UNUSED_VARIABLE = YES;
				IPHONEOS_DEPLOYMENT_TARGET = 14.0;
				MTL_ENABLE_DEBUG_INFO = INCLUDE_SOURCE;
				MTL_FAST_MATH = YES;
				ONLY_ACTIVE_ARCH = YES;
				SDKROOT = iphoneos;
				SWIFT_ACTIVE_COMPILATION_CONDITIONS = DEBUG;
				SWIFT_OPTIMIZATION_LEVEL = "-Onone";
			};
			name = Debug;
		};
		073C4F8325AE5F6B00DDAC5D /* Release */ = {
			isa = XCBuildConfiguration;
			buildSettings = {
				ALWAYS_SEARCH_USER_PATHS = NO;
				CLANG_ANALYZER_NONNULL = YES;
				CLANG_ANALYZER_NUMBER_OBJECT_CONVERSION = YES_AGGRESSIVE;
				CLANG_CXX_LANGUAGE_STANDARD = "gnu++14";
				CLANG_CXX_LIBRARY = "libc++";
				CLANG_ENABLE_MODULES = YES;
				CLANG_ENABLE_OBJC_ARC = YES;
				CLANG_ENABLE_OBJC_WEAK = YES;
				CLANG_WARN_BLOCK_CAPTURE_AUTORELEASING = YES;
				CLANG_WARN_BOOL_CONVERSION = YES;
				CLANG_WARN_COMMA = YES;
				CLANG_WARN_CONSTANT_CONVERSION = YES;
				CLANG_WARN_DEPRECATED_OBJC_IMPLEMENTATIONS = YES;
				CLANG_WARN_DIRECT_OBJC_ISA_USAGE = YES_ERROR;
				CLANG_WARN_DOCUMENTATION_COMMENTS = YES;
				CLANG_WARN_EMPTY_BODY = YES;
				CLANG_WARN_ENUM_CONVERSION = YES;
				CLANG_WARN_INFINITE_RECURSION = YES;
				CLANG_WARN_INT_CONVERSION = YES;
				CLANG_WARN_NON_LITERAL_NULL_CONVERSION = YES;
				CLANG_WARN_OBJC_IMPLICIT_RETAIN_SELF = YES;
				CLANG_WARN_OBJC_LITERAL_CONVERSION = YES;
				CLANG_WARN_OBJC_ROOT_CLASS = YES_ERROR;
				CLANG_WARN_QUOTED_INCLUDE_IN_FRAMEWORK_HEADER = YES;
				CLANG_WARN_RANGE_LOOP_ANALYSIS = YES;
				CLANG_WARN_STRICT_PROTOTYPES = YES;
				CLANG_WARN_SUSPICIOUS_MOVE = YES;
				CLANG_WARN_UNGUARDED_AVAILABILITY = YES_AGGRESSIVE;
				CLANG_WARN_UNREACHABLE_CODE = YES;
				CLANG_WARN__DUPLICATE_METHOD_MATCH = YES;
				COPY_PHASE_STRIP = NO;
				DEBUG_INFORMATION_FORMAT = "dwarf-with-dsym";
				ENABLE_NS_ASSERTIONS = NO;
				ENABLE_STRICT_OBJC_MSGSEND = YES;
				GCC_C_LANGUAGE_STANDARD = gnu11;
				GCC_NO_COMMON_BLOCKS = YES;
				GCC_WARN_64_TO_32_BIT_CONVERSION = YES;
				GCC_WARN_ABOUT_RETURN_TYPE = YES_ERROR;
				GCC_WARN_UNDECLARED_SELECTOR = YES;
				GCC_WARN_UNINITIALIZED_AUTOS = YES_AGGRESSIVE;
				GCC_WARN_UNUSED_FUNCTION = YES;
				GCC_WARN_UNUSED_VARIABLE = YES;
				IPHONEOS_DEPLOYMENT_TARGET = 14.0;
				MTL_ENABLE_DEBUG_INFO = NO;
				MTL_FAST_MATH = YES;
				SDKROOT = iphoneos;
				SWIFT_COMPILATION_MODE = wholemodule;
				SWIFT_OPTIMIZATION_LEVEL = "-O";
				VALIDATE_PRODUCT = YES;
			};
			name = Release;
		};
		073C4F8525AE5F6B00DDAC5D /* Debug */ = {
			isa = XCBuildConfiguration;
			buildSettings = {
				ASSETCATALOG_COMPILER_APPICON_NAME = AppIcon;
				ASSETCATALOG_COMPILER_GLOBAL_ACCENT_COLOR_NAME = AccentColor;
				CODE_SIGN_STYLE = Automatic;
				DEVELOPMENT_TEAM = HXD3AV23PM;
				INFOPLIST_FILE = "La Cervecería de Pepe/Info.plist";
				IPHONEOS_DEPLOYMENT_TARGET = 13.0;
				LD_RUNPATH_SEARCH_PATHS = (
					"$(inherited)",
					"@executable_path/Frameworks",
				);
				PRODUCT_BUNDLE_IDENTIFIER = "es.carlosmdarribas.La-Cerveceri-a-de-Pepe";
				PRODUCT_NAME = "$(TARGET_NAME)";
				SWIFT_VERSION = 5.0;
				TARGETED_DEVICE_FAMILY = "1,2";
			};
			name = Debug;
		};
		073C4F8625AE5F6B00DDAC5D /* Release */ = {
			isa = XCBuildConfiguration;
			buildSettings = {
				ASSETCATALOG_COMPILER_APPICON_NAME = AppIcon;
				ASSETCATALOG_COMPILER_GLOBAL_ACCENT_COLOR_NAME = AccentColor;
				CODE_SIGN_STYLE = Automatic;
				DEVELOPMENT_TEAM = HXD3AV23PM;
				INFOPLIST_FILE = "La Cervecería de Pepe/Info.plist";
				IPHONEOS_DEPLOYMENT_TARGET = 13.0;
				LD_RUNPATH_SEARCH_PATHS = (
					"$(inherited)",
					"@executable_path/Frameworks",
				);
				PRODUCT_BUNDLE_IDENTIFIER = "es.carlosmdarribas.La-Cerveceri-a-de-Pepe";
				PRODUCT_NAME = "$(TARGET_NAME)";
				SWIFT_VERSION = 5.0;
				TARGETED_DEVICE_FAMILY = "1,2";
			};
			name = Release;
		};
/* End XCBuildConfiguration section */

/* Begin XCConfigurationList section */
		073C4F6825AE5F6700DDAC5D /* Build configuration list for PBXProject "La Cervecería de Pepe" */ = {
			isa = XCConfigurationList;
			buildConfigurations = (
				073C4F8225AE5F6B00DDAC5D /* Debug */,
				073C4F8325AE5F6B00DDAC5D /* Release */,
			);
			defaultConfigurationIsVisible = 0;
			defaultConfigurationName = Release;
		};
		073C4F8425AE5F6B00DDAC5D /* Build configuration list for PBXNativeTarget "La Cervecería de Pepe" */ = {
			isa = XCConfigurationList;
			buildConfigurations = (
				073C4F8525AE5F6B00DDAC5D /* Debug */,
				073C4F8625AE5F6B00DDAC5D /* Release */,
			);
			defaultConfigurationIsVisible = 0;
			defaultConfigurationName = Release;
		};
/* End XCConfigurationList section */

/* Begin XCVersionGroup section */
		073C4F7925AE5F6700DDAC5D /* La_Cerveceri_a_de_Pepe.xcdatamodeld */ = {
			isa = XCVersionGroup;
			children = (
				073C4F7A25AE5F6700DDAC5D /* La_Cerveceri_a_de_Pepe.xcdatamodel */,
			);
			currentVersion = 073C4F7A25AE5F6700DDAC5D /* La_Cerveceri_a_de_Pepe.xcdatamodel */;
			path = La_Cerveceri_a_de_Pepe.xcdatamodeld;
			sourceTree = "<group>";
			versionGroupType = wrapper.xcdatamodel;
		};
/* End XCVersionGroup section */
	};
	rootObject = 073C4F6525AE5F6700DDAC5D /* Project object */;
}
